
Microsoft Visual Studio Solution File, Format Version 12.00
# Visual Studio Version 16
VisualStudioVersion = 16.0.31729.503
MinimumVisualStudioVersion = 10.0.40219.1
Project("{9A19103F-16F7-4668-BE54-9A1E7A4F7556}") = "Week5Calculator", "Week5Calculator\Week5Calculator.csproj", "{CEA4C7F6-67C6-4F09-BA8C-C1A913599CD9}"
EndProject
Project("{FAE04EC0-301F-11D3-BF4B-00C04F79EFBC}") = "Week5CalculatorTests", "Week5CalculatorTests\Week5CalculatorTests.csproj", "{A937732C-C0F0-4654-97D5-EBAB02363D7F}"
EndProject
Global
	GlobalSection(SolutionConfigurationPlatforms) = preSolution
		Debug|Any CPU = Debug|Any CPU
		Release|Any CPU = Release|Any CPU
	EndGlobalSection
	GlobalSection(ProjectConfigurationPlatforms) = postSolution
		{CEA4C7F6-67C6-4F09-BA8C-C1A913599CD9}.Debug|Any CPU.ActiveCfg = Debug|Any CPU
		{CEA4C7F6-67C6-4F09-BA8C-C1A913599CD9}.Debug|Any CPU.Build.0 = Debug|Any CPU
		{CEA4C7F6-67C6-4F09-BA8C-C1A913599CD9}.Release|Any CPU.ActiveCfg = Release|Any CPU
		{CEA4C7F6-67C6-4F09-BA8C-C1A913599CD9}.Release|Any CPU.Build.0 = Release|Any CPU
		{A937732C-C0F0-4654-97D5-EBAB02363D7F}.Debug|Any CPU.ActiveCfg = Debug|Any CPU
		{A937732C-C0F0-4654-97D5-EBAB02363D7F}.Debug|Any CPU.Build.0 = Debug|Any CPU
		{A937732C-C0F0-4654-97D5-EBAB02363D7F}.Release|Any CPU.ActiveCfg = Release|Any CPU
		{A937732C-C0F0-4654-97D5-EBAB02363D7F}.Release|Any CPU.Build.0 = Release|Any CPU
	EndGlobalSection
	GlobalSection(SolutionProperties) = preSolution
		HideSolutionNode = FALSE
	EndGlobalSection
	GlobalSection(ExtensibilityGlobals) = postSolution
		SolutionGuid = {10C4F16B-673C-406D-BC6D-4AB6C8EEC081}
	EndGlobalSection
EndGlobal
